
Microsoft Visual Studio Solution File, Format Version 12.00
# Visual Studio 2013
VisualStudioVersion = 12.0.31101.0
MinimumVisualStudioVersion = 10.0.40219.1
Project("{2150E333-8FDC-42A3-9474-1A3956D46DE8}") = ".root", ".root", "{5A77BB08-E69F-42DB-8C12-07C3629EF3E9}"
	ProjectSection(SolutionItems) = preProject
		.gitignore = .gitignore
		build.bat = build.bat
		build.fsx = build.fsx
		LICENSE = LICENSE
		paket.dependencies = paket.dependencies
		posix.sh = posix.sh
		README.md = README.md
	EndProjectSection
EndProject
Project("{2150E333-8FDC-42A3-9474-1A3956D46DE8}") = "src", "src", "{A6A39E7D-BAF0-4E05-AF99-8254C63B3ED9}"
	ProjectSection(SolutionItems) = preProject
		src\App.config = src\App.config
	EndProjectSection
EndProject
Project("{F2A71F9B-5D33-465A-A702-920D77279786}") = "Test.FS", "src\Test.FS\Test.FS.fsproj", "{DA239973-694E-4BAA-8ACB-B068A1FCB53C}"
EndProject
Global
	GlobalSection(SolutionConfigurationPlatforms) = preSolution
		Debug|Any CPU = Debug|Any CPU
		Release|Any CPU = Release|Any CPU
	EndGlobalSection
	GlobalSection(ProjectConfigurationPlatforms) = postSolution
		{DA239973-694E-4BAA-8ACB-B068A1FCB53C}.Debug|Any CPU.ActiveCfg = Debug|Any CPU
		{DA239973-694E-4BAA-8ACB-B068A1FCB53C}.Debug|Any CPU.Build.0 = Debug|Any CPU
		{DA239973-694E-4BAA-8ACB-B068A1FCB53C}.Release|Any CPU.ActiveCfg = Release|Any CPU
		{DA239973-694E-4BAA-8ACB-B068A1FCB53C}.Release|Any CPU.Build.0 = Release|Any CPU
	EndGlobalSection
	GlobalSection(SolutionProperties) = preSolution
		HideSolutionNode = FALSE
	EndGlobalSection
	GlobalSection(NestedProjects) = preSolution
		{DA239973-694E-4BAA-8ACB-B068A1FCB53C} = {A6A39E7D-BAF0-4E05-AF99-8254C63B3ED9}
	EndGlobalSection
EndGlobal
